
Microsoft Visual Studio Solution File, Format Version 12.00
# Visual Studio 15
VisualStudioVersion = 15.0.26124.0
MinimumVisualStudioVersion = 15.0.26124.0
Project("{2150E333-8FDC-42A3-9474-1A3956D46DE8}") = "src", "src", "{9D42E68B-C9DD-4898-8519-3F4836F6B123}"
EndProject
Project("{FAE04EC0-301F-11D3-BF4B-00C04F79EFBC}") = "Droplab.Web", "src\Droplab.Web\Droplab.Web.csproj", "{902A6B3D-4A56-45AF-9F68-F52F4FAC56C1}"
EndProject
Project("{FAE04EC0-301F-11D3-BF4B-00C04F79EFBC}") = "Droplab.Data", "src\Droplab.Data\Droplab.Data.csproj", "{E6733097-733C-42E9-BED3-A694C17951F7}"
EndProject
Project("{FAE04EC0-301F-11D3-BF4B-00C04F79EFBC}") = "Droplab.Simulator", "src\Droplab.Simulator\Droplab.Simulator.csproj", "{55E355B4-D0C3-4887-90A4-DCBD696393B0}"
EndProject
Project("{FAE04EC0-301F-11D3-BF4B-00C04F79EFBC}") = "Droplab.VO", "src\Droplab.VO\Droplab.VO.csproj", "{D5606956-2CB4-45EB-B435-50427D2DB013}"
EndProject
Global
	GlobalSection(SolutionConfigurationPlatforms) = preSolution
		Debug|Any CPU = Debug|Any CPU
		Debug|x64 = Debug|x64
		Debug|x86 = Debug|x86
		Release|Any CPU = Release|Any CPU
		Release|x64 = Release|x64
		Release|x86 = Release|x86
	EndGlobalSection
	GlobalSection(SolutionProperties) = preSolution
		HideSolutionNode = FALSE
	EndGlobalSection
	GlobalSection(ProjectConfigurationPlatforms) = postSolution
		{902A6B3D-4A56-45AF-9F68-F52F4FAC56C1}.Debug|Any CPU.ActiveCfg = Debug|Any CPU
		{902A6B3D-4A56-45AF-9F68-F52F4FAC56C1}.Debug|Any CPU.Build.0 = Debug|Any CPU
		{902A6B3D-4A56-45AF-9F68-F52F4FAC56C1}.Debug|x64.ActiveCfg = Debug|x64
		{902A6B3D-4A56-45AF-9F68-F52F4FAC56C1}.Debug|x64.Build.0 = Debug|x64
		{902A6B3D-4A56-45AF-9F68-F52F4FAC56C1}.Debug|x86.ActiveCfg = Debug|x86
		{902A6B3D-4A56-45AF-9F68-F52F4FAC56C1}.Debug|x86.Build.0 = Debug|x86
		{902A6B3D-4A56-45AF-9F68-F52F4FAC56C1}.Release|Any CPU.ActiveCfg = Release|Any CPU
		{902A6B3D-4A56-45AF-9F68-F52F4FAC56C1}.Release|Any CPU.Build.0 = Release|Any CPU
		{902A6B3D-4A56-45AF-9F68-F52F4FAC56C1}.Release|x64.ActiveCfg = Release|x64
		{902A6B3D-4A56-45AF-9F68-F52F4FAC56C1}.Release|x64.Build.0 = Release|x64
		{902A6B3D-4A56-45AF-9F68-F52F4FAC56C1}.Release|x86.ActiveCfg = Release|x86
		{902A6B3D-4A56-45AF-9F68-F52F4FAC56C1}.Release|x86.Build.0 = Release|x86
		{E6733097-733C-42E9-BED3-A694C17951F7}.Debug|Any CPU.ActiveCfg = Debug|Any CPU
		{E6733097-733C-42E9-BED3-A694C17951F7}.Debug|Any CPU.Build.0 = Debug|Any CPU
		{E6733097-733C-42E9-BED3-A694C17951F7}.Debug|x64.ActiveCfg = Debug|x64
		{E6733097-733C-42E9-BED3-A694C17951F7}.Debug|x64.Build.0 = Debug|x64
		{E6733097-733C-42E9-BED3-A694C17951F7}.Debug|x86.ActiveCfg = Debug|x86
		{E6733097-733C-42E9-BED3-A694C17951F7}.Debug|x86.Build.0 = Debug|x86
		{E6733097-733C-42E9-BED3-A694C17951F7}.Release|Any CPU.ActiveCfg = Release|Any CPU
		{E6733097-733C-42E9-BED3-A694C17951F7}.Release|Any CPU.Build.0 = Release|Any CPU
		{E6733097-733C-42E9-BED3-A694C17951F7}.Release|x64.ActiveCfg = Release|x64
		{E6733097-733C-42E9-BED3-A694C17951F7}.Release|x64.Build.0 = Release|x64
		{E6733097-733C-42E9-BED3-A694C17951F7}.Release|x86.ActiveCfg = Release|x86
		{E6733097-733C-42E9-BED3-A694C17951F7}.Release|x86.Build.0 = Release|x86
		{55E355B4-D0C3-4887-90A4-DCBD696393B0}.Debug|Any CPU.ActiveCfg = Debug|Any CPU
		{55E355B4-D0C3-4887-90A4-DCBD696393B0}.Debug|Any CPU.Build.0 = Debug|Any CPU
		{55E355B4-D0C3-4887-90A4-DCBD696393B0}.Debug|x64.ActiveCfg = Debug|Any CPU
		{55E355B4-D0C3-4887-90A4-DCBD696393B0}.Debug|x64.Build.0 = Debug|Any CPU
		{55E355B4-D0C3-4887-90A4-DCBD696393B0}.Debug|x86.ActiveCfg = Debug|Any CPU
		{55E355B4-D0C3-4887-90A4-DCBD696393B0}.Debug|x86.Build.0 = Debug|Any CPU
		{55E355B4-D0C3-4887-90A4-DCBD696393B0}.Release|Any CPU.ActiveCfg = Release|Any CPU
		{55E355B4-D0C3-4887-90A4-DCBD696393B0}.Release|Any CPU.Build.0 = Release|Any CPU
		{55E355B4-D0C3-4887-90A4-DCBD696393B0}.Release|x64.ActiveCfg = Release|Any CPU
		{55E355B4-D0C3-4887-90A4-DCBD696393B0}.Release|x64.Build.0 = Release|Any CPU
		{55E355B4-D0C3-4887-90A4-DCBD696393B0}.Release|x86.ActiveCfg = Release|Any CPU
		{55E355B4-D0C3-4887-90A4-DCBD696393B0}.Release|x86.Build.0 = Release|Any CPU
		{D5606956-2CB4-45EB-B435-50427D2DB013}.Debug|Any CPU.ActiveCfg = Debug|Any CPU
		{D5606956-2CB4-45EB-B435-50427D2DB013}.Debug|Any CPU.Build.0 = Debug|Any CPU
		{D5606956-2CB4-45EB-B435-50427D2DB013}.Debug|x64.ActiveCfg = Debug|x64
		{D5606956-2CB4-45EB-B435-50427D2DB013}.Debug|x64.Build.0 = Debug|x64
		{D5606956-2CB4-45EB-B435-50427D2DB013}.Debug|x86.ActiveCfg = Debug|x86
		{D5606956-2CB4-45EB-B435-50427D2DB013}.Debug|x86.Build.0 = Debug|x86
		{D5606956-2CB4-45EB-B435-50427D2DB013}.Release|Any CPU.ActiveCfg = Release|Any CPU
		{D5606956-2CB4-45EB-B435-50427D2DB013}.Release|Any CPU.Build.0 = Release|Any CPU
		{D5606956-2CB4-45EB-B435-50427D2DB013}.Release|x64.ActiveCfg = Release|x64
		{D5606956-2CB4-45EB-B435-50427D2DB013}.Release|x64.Build.0 = Release|x64
		{D5606956-2CB4-45EB-B435-50427D2DB013}.Release|x86.ActiveCfg = Release|x86
		{D5606956-2CB4-45EB-B435-50427D2DB013}.Release|x86.Build.0 = Release|x86
	EndGlobalSection
	GlobalSection(NestedProjects) = preSolution
		{902A6B3D-4A56-45AF-9F68-F52F4FAC56C1} = {9D42E68B-C9DD-4898-8519-3F4836F6B123}
		{E6733097-733C-42E9-BED3-A694C17951F7} = {9D42E68B-C9DD-4898-8519-3F4836F6B123}
		{55E355B4-D0C3-4887-90A4-DCBD696393B0} = {9D42E68B-C9DD-4898-8519-3F4836F6B123}
		{D5606956-2CB4-45EB-B435-50427D2DB013} = {9D42E68B-C9DD-4898-8519-3F4836F6B123}
	EndGlobalSection
EndGlobal
